{
  "lockfileVersion": 2,
  "configVersion": 1,
  "workspaces": {
    "": {
      "name": "@@PLUGIN_ID@@",
      "devDependencies": {
        "bitty-plugin-sdk": "github:bitty-terminal/bitty-plugin-sdk#@@PLUGIN_SDK_REF@@",
        "luaparse": "0.3.1",
      },
    },
  },
  "packages": {
    "bitty-plugin-sdk": ["bitty-plugin-sdk@github:bitty-terminal/bitty-plugin-sdk#5a64d3c", { "dependencies": { "smol-toml": "1.8.0" }, "bin": { "bitty-plugin-lint": "./src/cli.ts" } }, "bitty-terminal-bitty-plugin-sdk-5a64d3c", "sha512-3tBx7s4FaTPZPALI90/4aEz91GIXhMf3wwbktYPSYByhzJsXYWohK+GcSyEdhzM3W6RDgXiwyBQf8nQiz6DESQ=="],

    "luaparse": ["luaparse@0.3.1", "", { "bin": { "luaparse": "bin/luaparse" } }, "sha512-b21h2bFEbtGXmVqguHogbyrMAA0wOHyp9u/rx+w6Yc9pW1t9YjhGUsp87lYcp7pFRqSWN/PhFkrdIqKEUzRjjQ=="],

    "smol-toml": ["smol-toml@1.8.0", "", {}, "sha512-kCZr2V3ch9i00x8zXRhjUNVcjG9ijES5dDudkXvUVCT5QlJNQWElSJdZqyPemffHoLNUYwOcou0Fy+ojN0uHSQ=="],
  }
}
